// !$*UTF8*$!
{
	archiveVersion = 1;
	classes = {
	};
	objectVersion = 56;
	objects = {

/* Begin PBXBuildFile section */
		9DF430832BECEA2E00F93A07 /* AppDelegate.swift in Sources */ = {isa = PBXBuildFile; fileRef = 9DF430822BECEA2E00F93A07 /* AppDelegate.swift */; };
		9DF430852BECEA2E00F93A07 /* SceneDelegate.swift in Sources */ = {isa = PBXBuildFile; fileRef = 9DF430842BECEA2E00F93A07 /* SceneDelegate.swift */; };
		9DF430872BECEA2E00F93A07 /* ViewController.swift in Sources */ = {isa = PBXBuildFile; fileRef = 9DF430862BECEA2E00F93A07 /* ViewController.swift */; };
		9DF4308A2BECEA2E00F93A07 /* Base in Resources */ = {isa = PBXBuildFile; fileRef = 9DF430892BECEA2E00F93A07 /* Base */; };
		9DF4308D2BECEA2E00F93A07 /* MustacheMaker.xcdatamodeld in Sources */ = {isa = PBXBuildFile; fileRef = 9DF4308B2BECEA2E00F93A07 /* MustacheMaker.xcdatamodeld */; };
		9DF4308F2BECEA3100F93A07 /* Assets.xcassets in Resources */ = {isa = PBXBuildFile; fileRef = 9DF4308E2BECEA3100F93A07 /* Assets.xcassets */; };
		9DF430922BECEA3100F93A07 /* Base in Resources */ = {isa = PBXBuildFile; fileRef = 9DF430912BECEA3100F93A07 /* Base */; };
		9DF4309B2BECEB4100F93A07 /* ARKit.framework in Frameworks */ = {isa = PBXBuildFile; fileRef = 9DF4309A2BECEB4100F93A07 /* ARKit.framework */; };
		9DF4309D2BECEB4900F93A07 /* AVFoundation.framework in Frameworks */ = {isa = PBXBuildFile; fileRef = 9DF4309C2BECEB4900F93A07 /* AVFoundation.framework */; };
/* End PBXBuildFile section */

/* Begin PBXFileReference section */
		9DF4307F2BECEA2E00F93A07 /* MustacheMaker.app */ = {isa = PBXFileReference; explicitFileType = wrapper.application; includeInIndex = 0; path = MustacheMaker.app; sourceTree = BUILT_PRODUCTS_DIR; };
		9DF430822BECEA2E00F93A07 /* AppDelegate.swift */ = {isa = PBXFileReference; lastKnownFileType = sourcecode.swift; path = AppDelegate.swift; sourceTree = "<group>"; };
		9DF430842BECEA2E00F93A07 /* SceneDelegate.swift */ = {isa = PBXFileReference; lastKnownFileType = sourcecode.swift; path = SceneDelegate.swift; sourceTree = "<group>"; };
		9DF430862BECEA2E00F93A07 /* ViewController.swift */ = {isa = PBXFileReference; lastKnownFileType = sourcecode.swift; path = ViewController.swift; sourceTree = "<group>"; };
		9DF430892BECEA2E00F93A07 /* Base */ = {isa = PBXFileReference; lastKnownFileType = file.storyboard; name = Base; path = Base.lproj/Main.storyboard; sourceTree = "<group>"; };
		9DF4308C2BECEA2E00F93A07 /* MustacheMaker.xcdatamodel */ = {isa = PBXFileReference; lastKnownFileType = wrapper.xcdatamodel; path = MustacheMaker.xcdatamodel; sourceTree = "<group>"; };
		9DF4308E2BECEA3100F93A07 /* Assets.xcassets */ = {isa = PBXFileReference; lastKnownFileType = folder.assetcatalog; path = Assets.xcassets; sourceTree = "<group>"; };
		9DF430912BECEA3100F93A07 /* Base */ = {isa = PBXFileReference; lastKnownFileType = file.storyboard; name = Base; path = Base.lproj/LaunchScreen.storyboard; sourceTree = "<group>"; };
		9DF430932BECEA3100F93A07 /* Info.plist */ = {isa = PBXFileReference; lastKnownFileType = text.plist.xml; path = Info.plist; sourceTree = "<group>"; };
		9DF4309A2BECEB4100F93A07 /* ARKit.framework */ = {isa = PBXFileReference; lastKnownFileType = wrapper.framework; name = ARKit.framework; path = System/Library/Frameworks/ARKit.framework; sourceTree = SDKROOT; };
		9DF4309C2BECEB4900F93A07 /* AVFoundation.framework */ = {isa = PBXFileReference; lastKnownFileType = wrapper.framework; name = AVFoundation.framework; path = System/Library/Frameworks/AVFoundation.framework; sourceTree = SDKROOT; };
/* End PBXFileReference section */

/* Begin PBXFrameworksBuildPhase section */
		9DF4307C2BECEA2E00F93A07 /* Frameworks */ = {
			isa = PBXFrameworksBuildPhase;
			buildActionMask = 2147483647;
			files = (
				9DF4309D2BECEB4900F93A07 /* AVFoundation.framework in Frameworks */,
				9DF4309B2BECEB4100F93A07 /* ARKit.framework in Frameworks */,
			);
			runOnlyForDeploymentPostprocessing = 0;
		};
/* End PBXFrameworksBuildPhase section */

/* Begin PBXGroup section */
		9DF430762BECEA2E00F93A07 = {
			isa = PBXGroup;
			children = (
				9DF430812BECEA2E00F93A07 /* MustacheMaker */,
				9DF430802BECEA2E00F93A07 /* Products */,
				9DF430992BECEB4100F93A07 /* Frameworks */,
			);
			sourceTree = "<group>";
		};
		9DF430802BECEA2E00F93A07 /* Products */ = {
			isa = PBXGroup;
			children = (
				9DF4307F2BECEA2E00F93A07 /* MustacheMaker.app */,
			);
			name = Products;
			sourceTree = "<group>";
		};
		9DF430812BECEA2E00F93A07 /* MustacheMaker */ = {
			isa = PBXGroup;
			children = (
				9DF430822BECEA2E00F93A07 /* AppDelegate.swift */,
				9DF430842BECEA2E00F93A07 /* SceneDelegate.swift */,
				9DF430862BECEA2E00F93A07 /* ViewController.swift */,
				9DF430882BECEA2E00F93A07 /* Main.storyboard */,
				9DF4308E2BECEA3100F93A07 /* Assets.xcassets */,
				9DF430902BECEA3100F93A07 /* LaunchScreen.storyboard */,
				9DF430932BECEA3100F93A07 /* Info.plist */,
				9DF4308B2BECEA2E00F93A07 /* MustacheMaker.xcdatamodeld */,
			);
			path = MustacheMaker;
			sourceTree = "<group>";
		};
		9DF430992BECEB4100F93A07 /* Frameworks */ = {
			isa = PBXGroup;
			children = (
				9DF4309C2BECEB4900F93A07 /* AVFoundation.framework */,
				9DF4309A2BECEB4100F93A07 /* ARKit.framework */,
			);
			name = Frameworks;
			sourceTree = "<group>";
		};
/* End PBXGroup section */

/* Begin PBXNativeTarget section */
		9DF4307E2BECEA2E00F93A07 /* MustacheMaker */ = {
			isa = PBXNativeTarget;
			buildConfigurationList = 9DF430962BECEA3100F93A07 /* Build configuration list for PBXNativeTarget "MustacheMaker" */;
			buildPhases = (
				9DF4307B2BECEA2E00F93A07 /* Sources */,
				9DF4307C2BECEA2E00F93A07 /* Frameworks */,
				9DF4307D2BECEA2E00F93A07 /* Resources */,
			);
			buildRules = (
			);
			dependencies = (
			);
			name = MustacheMaker;
			productName = MustacheMaker;
			productReference = 9DF4307F2BECEA2E00F93A07 /* MustacheMaker.app */;
			productType = "com.apple.product-type.application";
		};
/* End PBXNativeTarget section */

/* Begin PBXProject section */
		9DF430772BECEA2E00F93A07 /* Project object */ = {
			isa = PBXProject;
			attributes = {
				BuildIndependentTargetsInParallel = 1;
				LastSwiftUpdateCheck = 1530;
				LastUpgradeCheck = 1530;
				TargetAttributes = {
					9DF4307E2BECEA2E00F93A07 = {
						CreatedOnToolsVersion = 15.3;
					};
				};
			};
			buildConfigurationList = 9DF4307A2BECEA2E00F93A07 /* Build configuration list for PBXProject "MustacheMaker" */;
			compatibilityVersion = "Xcode 14.0";
			developmentRegion = en;
			hasScannedForEncodings = 0;
			knownRegions = (
				en,
				Base,
			);
			mainGroup = 9DF430762BECEA2E00F93A07;
			productRefGroup = 9DF430802BECEA2E00F93A07 /* Products */;
			projectDirPath = "";
			projectRoot = "";
			targets = (
				9DF4307E2BECEA2E00F93A07 /* MustacheMaker */,
			);
		};
/* End PBXProject section */

/* Begin PBXResourcesBuildPhase section */
		9DF4307D2BECEA2E00F93A07 /* Resources */ = {
			isa = PBXResourcesBuildPhase;
			buildActionMask = 2147483647;
			files = (
				9DF4308F2BECEA3100F93A07 /* Assets.xcassets in Resources */,
				9DF430922BECEA3100F93A07 /* Base in Resources */,
				9DF4308A2BECEA2E00F93A07 /* Base in Resources */,
			);
			runOnlyForDeploymentPostprocessing = 0;
		};
/* End PBXResourcesBuildPhase section */

/* Begin PBXSourcesBuildPhase section */
		9DF4307B2BECEA2E00F93A07 /* Sources */ = {
			isa = PBXSourcesBuildPhase;
			buildActionMask = 2147483647;
			files = (
				9DF4308D2BECEA2E00F93A07 /* MustacheMaker.xcdatamodeld in Sources */,
				9DF430872BECEA2E00F93A07 /* ViewController.swift in Sources */,
				9DF430832BECEA2E00F93A07 /* AppDelegate.swift in Sources */,
				9DF430852BECEA2E00F93A07 /* SceneDelegate.swift in Sources */,
			);
			runOnlyForDeploymentPostprocessing = 0;
		};
/* End PBXSourcesBuildPhase section */

/* Begin PBXVariantGroup section */
		9DF430882BECEA2E00F93A07 /* Main.storyboard */ = {
			isa = PBXVariantGroup;
			children = (
				9DF430892BECEA2E00F93A07 /* Base */,
			);
			name = Main.storyboard;
			sourceTree = "<group>";
		};
		9DF430902BECEA3100F93A07 /* LaunchScreen.storyboard */ = {
			isa = PBXVariantGroup;
			children = (
				9DF430912BECEA3100F93A07 /* Base */,
			);
			name = LaunchScreen.storyboard;
			sourceTree = "<group>";
		};
/* End PBXVariantGroup section */

/* Begin XCBuildConfiguration section */
		9DF430942BECEA3100F93A07 /* Debug */ = {
			isa = XCBuildConfiguration;
			buildSettings = {
				ALWAYS_SEARCH_USER_PATHS = NO;
				ASSETCATALOG_COMPILER_GENERATE_SWIFT_ASSET_SYMBOL_EXTENSIONS = YES;
				CLANG_ANALYZER_NONNULL = YES;
				CLANG_ANALYZER_NUMBER_OBJECT_CONVERSION = YES_AGGRESSIVE;
				CLANG_CXX_LANGUAGE_STANDARD = "gnu++20";
				CLANG_ENABLE_MODULES = YES;
				CLANG_ENABLE_OBJC_ARC = YES;
				CLANG_ENABLE_OBJC_WEAK = YES;
				CLANG_WARN_BLOCK_CAPTURE_AUTORELEASING = YES;
				CLANG_WARN_BOOL_CONVERSION = YES;
				CLANG_WARN_COMMA = YES;
				CLANG_WARN_CONSTANT_CONVERSION = YES;
				CLANG_WARN_DEPRECATED_OBJC_IMPLEMENTATIONS = YES;
				CLANG_WARN_DIRECT_OBJC_ISA_USAGE = YES_ERROR;
				CLANG_WARN_DOCUMENTATION_COMMENTS = YES;
				CLANG_WARN_EMPTY_BODY = YES;
				CLANG_WARN_ENUM_CONVERSION = YES;
				CLANG_WARN_INFINITE_RECURSION = YES;
				CLANG_WARN_INT_CONVERSION = YES;
				CLANG_WARN_NON_LITERAL_NULL_CONVERSION = YES;
				CLANG_WARN_OBJC_IMPLICIT_RETAIN_SELF = YES;
				CLANG_WARN_OBJC_LITERAL_CONVERSION = YES;
				CLANG_WARN_OBJC_ROOT_CLASS = YES_ERROR;
				CLANG_WARN_QUOTED_INCLUDE_IN_FRAMEWORK_HEADER = YES;
				CLANG_WARN_RANGE_LOOP_ANALYSIS = YES;
				CLANG_WARN_STRICT_PROTOTYPES = YES;
				CLANG_WARN_SUSPICIOUS_MOVE = YES;
				CLANG_WARN_UNGUARDED_AVAILABILITY = YES_AGGRESSIVE;
				CLANG_WARN_UNREACHABLE_CODE = YES;
				CLANG_WARN__DUPLICATE_METHOD_MATCH = YES;
				COPY_PHASE_STRIP = NO;
				DEBUG_INFORMATION_FORMAT = dwarf;
				ENABLE_STRICT_OBJC_MSGSEND = YES;
				ENABLE_TESTABILITY = YES;
				ENABLE_USER_SCRIPT_SANDBOXING = YES;
				GCC_C_LANGUAGE_STANDARD = gnu17;
				GCC_DYNAMIC_NO_PIC = NO;
				GCC_NO_COMMON_BLOCKS = YES;
				GCC_OPTIMIZATION_LEVEL = 0;
				GCC_PREPROCESSOR_DEFINITIONS = (
					"DEBUG=1",
					"$(inherited)",
				);
				GCC_WARN_64_TO_32_BIT_CONVERSION = YES;
				GCC_WARN_ABOUT_RETURN_TYPE = YES_ERROR;
				GCC_WARN_UNDECLARED_SELECTOR = YES;
				GCC_WARN_UNINITIALIZED_AUTOS = YES_AGGRESSIVE;
				GCC_WARN_UNUSED_FUNCTION = YES;
				GCC_WARN_UNUSED_VARIABLE = YES;
				IPHONEOS_DEPLOYMENT_TARGET = 17.4;
				LOCALIZATION_PREFERS_STRING_CATALOGS = YES;
				MTL_ENABLE_DEBUG_INFO = INCLUDE_SOURCE;
				MTL_FAST_MATH = YES;
				ONLY_ACTIVE_ARCH = YES;
				SDKROOT = iphoneos;
				SWIFT_ACTIVE_COMPILATION_CONDITIONS = "DEBUG $(inherited)";
				SWIFT_OPTIMIZATION_LEVEL = "-Onone";
			};
			name = Debug;
		};
		9DF430952BECEA3100F93A07 /* Release */ = {
			isa = XCBuildConfiguration;
			buildSettings = {
				ALWAYS_SEARCH_USER_PATHS = NO;
				ASSETCATALOG_COMPILER_GENERATE_SWIFT_ASSET_SYMBOL_EXTENSIONS = YES;
				CLANG_ANALYZER_NONNULL = YES;
				CLANG_ANALYZER_NUMBER_OBJECT_CONVERSION = YES_AGGRESSIVE;
				CLANG_CXX_LANGUAGE_STANDARD = "gnu++20";
				CLANG_ENABLE_MODULES = YES;
				CLANG_ENABLE_OBJC_ARC = YES;
				CLANG_ENABLE_OBJC_WEAK = YES;
				CLANG_WARN_BLOCK_CAPTURE_AUTORELEASING = YES;
				CLANG_WARN_BOOL_CONVERSION = YES;
				CLANG_WARN_COMMA = YES;
				CLANG_WARN_CONSTANT_CONVERSION = YES;
				CLANG_WARN_DEPRECATED_OBJC_IMPLEMENTATIONS = YES;
				CLANG_WARN_DIRECT_OBJC_ISA_USAGE = YES_ERROR;
				CLANG_WARN_DOCUMENTATION_COMMENTS = YES;
				CLANG_WARN_EMPTY_BODY = YES;
				CLANG_WARN_ENUM_CONVERSION = YES;
				CLANG_WARN_INFINITE_RECURSION = YES;
				CLANG_WARN_INT_CONVERSION = YES;
				CLANG_WARN_NON_LITERAL_NULL_CONVERSION = YES;
				CLANG_WARN_OBJC_IMPLICIT_RETAIN_SELF = YES;
				CLANG_WARN_OBJC_LITERAL_CONVERSION = YES;
				CLANG_WARN_OBJC_ROOT_CLASS = YES_ERROR;
				CLANG_WARN_QUOTED_INCLUDE_IN_FRAMEWORK_HEADER = YES;
				CLANG_WARN_RANGE_LOOP_ANALYSIS = YES;
				CLANG_WARN_STRICT_PROTOTYPES = YES;
				CLANG_WARN_SUSPICIOUS_MOVE = YES;
				CLANG_WARN_UNGUARDED_AVAILABILITY = YES_AGGRESSIVE;
				CLANG_WARN_UNREACHABLE_CODE = YES;
				CLANG_WARN__DUPLICATE_METHOD_MATCH = YES;
				COPY_PHASE_STRIP = NO;
				DEBUG_INFORMATION_FORMAT = "dwarf-with-dsym";
				ENABLE_NS_ASSERTIONS = NO;
				ENABLE_STRICT_OBJC_MSGSEND = YES;
				ENABLE_USER_SCRIPT_SANDBOXING = YES;
				GCC_C_LANGUAGE_STANDARD = gnu17;
				GCC_NO_COMMON_BLOCKS = YES;
				GCC_WARN_64_TO_32_BIT_CONVERSION = YES;
				GCC_WARN_ABOUT_RETURN_TYPE = YES_ERROR;
				GCC_WARN_UNDECLARED_SELECTOR = YES;
				GCC_WARN_UNINITIALIZED_AUTOS = YES_AGGRESSIVE;
				GCC_WARN_UNUSED_FUNCTION = YES;
				GCC_WARN_UNUSED_VARIABLE = YES;
				IPHONEOS_DEPLOYMENT_TARGET = 17.4;
				LOCALIZATION_PREFERS_STRING_CATALOGS = YES;
				MTL_ENABLE_DEBUG_INFO = NO;
				MTL_FAST_MATH = YES;
				SDKROOT = iphoneos;
				SWIFT_COMPILATION_MODE = wholemodule;
				VALIDATE_PRODUCT = YES;
			};
			name = Release;
		};
		9DF430972BECEA3100F93A07 /* Debug */ = {
			isa = XCBuildConfiguration;
			buildSettings = {
				ASSETCATALOG_COMPILER_APPICON_NAME = AppIcon;
				ASSETCATALOG_COMPILER_GLOBAL_ACCENT_COLOR_NAME = AccentColor;
				CODE_SIGN_STYLE = Automatic;
				CURRENT_PROJECT_VERSION = 1;
				DEVELOPMENT_TEAM = 42VHV36Q58;
				GENERATE_INFOPLIST_FILE = YES;
				INFOPLIST_FILE = MustacheMaker/Info.plist;
				INFOPLIST_KEY_UIApplicationSupportsIndirectInputEvents = YES;
				INFOPLIST_KEY_UILaunchStoryboardName = LaunchScreen;
				INFOPLIST_KEY_UIMainStoryboardFile = Main;
				INFOPLIST_KEY_UISupportedInterfaceOrientations = UIInterfaceOrientationPortrait;
				INFOPLIST_KEY_UISupportedInterfaceOrientations_iPad = "UIInterfaceOrientationLandscapeLeft UIInterfaceOrientationLandscapeRight UIInterfaceOrientationPortrait UIInterfaceOrientationPortraitUpsideDown";
				LD_RUNPATH_SEARCH_PATHS = (
					"$(inherited)",
					"@executable_path/Frameworks",
				);
				MARKETING_VERSION = 1.0;
				PRODUCT_BUNDLE_IDENTIFIER = com.christopherendress.MustacheMaker;
				PRODUCT_NAME = "$(TARGET_NAME)";
				SUPPORTED_PLATFORMS = "iphoneos iphonesimulator";
				SUPPORTS_MACCATALYST = NO;
				SUPPORTS_MAC_DESIGNED_FOR_IPHONE_IPAD = NO;
				SUPPORTS_XR_DESIGNED_FOR_IPHONE_IPAD = NO;
				SWIFT_EMIT_LOC_STRINGS = YES;
				SWIFT_VERSION = 5.0;
				TARGETED_DEVICE_FAMILY = 1;
			};
			name = Debug;
		};
		9DF430982BECEA3100F93A07 /* Release */ = {
			isa = XCBuildConfiguration;
			buildSettings = {
				ASSETCATALOG_COMPILER_APPICON_NAME = AppIcon;
				ASSETCATALOG_COMPILER_GLOBAL_ACCENT_COLOR_NAME = AccentColor;
				CODE_SIGN_STYLE = Automatic;
				CURRENT_PROJECT_VERSION = 1;
				DEVELOPMENT_TEAM = 42VHV36Q58;
				GENERATE_INFOPLIST_FILE = YES;
				INFOPLIST_FILE = MustacheMaker/Info.plist;
				INFOPLIST_KEY_UIApplicationSupportsIndirectInputEvents = YES;
				INFOPLIST_KEY_UILaunchStoryboardName = LaunchScreen;
				INFOPLIST_KEY_UIMainStoryboardFile = Main;
				INFOPLIST_KEY_UISupportedInterfaceOrientations = UIInterfaceOrientationPortrait;
				INFOPLIST_KEY_UISupportedInterfaceOrientations_iPad = "UIInterfaceOrientationLandscapeLeft UIInterfaceOrientationLandscapeRight UIInterfaceOrientationPortrait UIInterfaceOrientationPortraitUpsideDown";
				LD_RUNPATH_SEARCH_PATHS = (
					"$(inherited)",
					"@executable_path/Frameworks",
				);
				MARKETING_VERSION = 1.0;
				PRODUCT_BUNDLE_IDENTIFIER = com.christopherendress.MustacheMaker;
				PRODUCT_NAME = "$(TARGET_NAME)";
				SUPPORTED_PLATFORMS = "iphoneos iphonesimulator";
				SUPPORTS_MACCATALYST = NO;
				SUPPORTS_MAC_DESIGNED_FOR_IPHONE_IPAD = NO;
				SUPPORTS_XR_DESIGNED_FOR_IPHONE_IPAD = NO;
				SWIFT_EMIT_LOC_STRINGS = YES;
				SWIFT_VERSION = 5.0;
				TARGETED_DEVICE_FAMILY = 1;
			};
			name = Release;
		};
/* End XCBuildConfiguration section */

/* Begin XCConfigurationList section */
		9DF4307A2BECEA2E00F93A07 /* Build configuration list for PBXProject "MustacheMaker" */ = {
			isa = XCConfigurationList;
			buildConfigurations = (
				9DF430942BECEA3100F93A07 /* Debug */,
				9DF430952BECEA3100F93A07 /* Release */,
			);
			defaultConfigurationIsVisible = 0;
			defaultConfigurationName = Release;
		};
		9DF430962BECEA3100F93A07 /* Build configuration list for PBXNativeTarget "MustacheMaker" */ = {
			isa = XCConfigurationList;
			buildConfigurations = (
				9DF430972BECEA3100F93A07 /* Debug */,
				9DF430982BECEA3100F93A07 /* Release */,
			);
			defaultConfigurationIsVisible = 0;
			defaultConfigurationName = Release;
		};
/* End XCConfigurationList section */

/* Begin XCVersionGroup section */
		9DF4308B2BECEA2E00F93A07 /* MustacheMaker.xcdatamodeld */ = {
			isa = XCVersionGroup;
			children = (
				9DF4308C2BECEA2E00F93A07 /* MustacheMaker.xcdatamodel */,
			);
			currentVersion = 9DF4308C2BECEA2E00F93A07 /* MustacheMaker.xcdatamodel */;
			path = MustacheMaker.xcdatamodeld;
			sourceTree = "<group>";
			versionGroupType = wrapper.xcdatamodel;
		};
/* End XCVersionGroup section */
	};
	rootObject = 9DF430772BECEA2E00F93A07 /* Project object */;
}
